
Microsoft Visual Studio Solution File, Format Version 12.00
# Visual Studio Version 17
VisualStudioVersion = 17.0.32014.148
MinimumVisualStudioVersion = 10.0.40219.1
Project("{FAE04EC0-301F-11D3-BF4B-00C04F79EFBC}") = "MyHybrid", "MyHybrid\MyHybrid.csproj", "{7CF2B8B7-4C87-44C3-8D75-034C9D75E58E}"
EndProject
Global
	GlobalSection(SolutionConfigurationPlatforms) = preSolution
		Debug|Any CPU = Debug|Any CPU
		Release|Any CPU = Release|Any CPU
	EndGlobalSection
	GlobalSection(ProjectConfigurationPlatforms) = postSolution
		{7CF2B8B7-4C87-44C3-8D75-034C9D75E58E}.Debug|Any CPU.ActiveCfg = Debug|Any CPU
		{7CF2B8B7-4C87-44C3-8D75-034C9D75E58E}.Debug|Any CPU.Build.0 = Debug|Any CPU
		{7CF2B8B7-4C87-44C3-8D75-034C9D75E58E}.Release|Any CPU.ActiveCfg = Release|Any CPU
		{7CF2B8B7-4C87-44C3-8D75-034C9D75E58E}.Release|Any CPU.Build.0 = Release|Any CPU
	EndGlobalSection
	GlobalSection(SolutionProperties) = preSolution
		HideSolutionNode = FALSE
	EndGlobalSection
	GlobalSection(ExtensibilityGlobals) = postSolution
		SolutionGuid = {8E3D6C92-9EF4-4326-A4B7-151F3079E4FE}
	EndGlobalSection
EndGlobal
